
Microsoft Visual Studio Solution File, Format Version 12.00
# Visual Studio 14
VisualStudioVersion = 14.0.25420.1
MinimumVisualStudioVersion = 10.0.40219.1
Project("{2150E333-8FDC-42A3-9474-1A3956D46DE8}") = "docs", "docs", "{E2B6EEA9-A9D7-4C1F-B603-3CBFEFF86DBA}"
	ProjectSection(SolutionItems) = preProject
		_config.yml = _config.yml
		About Tab_AboutTab1.png = About Tab_AboutTab1.png
		About Tab_AboutTab2.png = About Tab_AboutTab2.png
		About-Tab.md = About-Tab.md
		Acknowledgments-and-Additional-Information.md = Acknowledgments-and-Additional-Information.md
		Calculations Help_DimensionCalcMemberFormula.png = Calculations Help_DimensionCalcMemberFormula.png
		Calculations Help_DimensionCalcMemberPivotTable.png = Calculations Help_DimensionCalcMemberPivotTable.png
		Calculations-Help.md = Calculations-Help.md
		Choose Fields to Show_ChooseFieldsToShow.png = Choose Fields to Show_ChooseFieldsToShow.png
		Choose Fields to Show_ShowHideFields.png = Choose Fields to Show_ShowHideFields.png
		Choose-Fields-to-Show.md = Choose-Fields-to-Show.md
		Clear PivotTable Cache_ClearPivotTableCache1.png = Clear PivotTable Cache_ClearPivotTableCache1.png
		Clear PivotTable Cache_ClearPivotTableCache2.png = Clear PivotTable Cache_ClearPivotTableCache2.png
		Clear-PivotTable-Cache.md = Clear-PivotTable-Cache.md
		Disable Auto Refresh_DisableAutoRefresh.png = Disable Auto Refresh_DisableAutoRefresh.png
		Disable Auto Refresh_DisableAutoRefreshAvoidCalcMenu.png = Disable Auto Refresh_DisableAutoRefreshAvoidCalcMenu.png
		Disable Auto Refresh_DisableAutoRefreshCalcMeasureError.png = Disable Auto Refresh_DisableAutoRefreshCalcMeasureError.png
		Disable Auto Refresh_EnableAutoRefresh.png = Disable Auto Refresh_EnableAutoRefresh.png
		Disable Auto Refresh_UseMeasuresGrid.png = Disable Auto Refresh_UseMeasuresGrid.png
		Disable-Auto-Refresh.md = Disable-Auto-Refresh.md
		Documentation.md = Documentation.md
		Excel 2013_Excel2013CalculatedMeasure.png = Excel 2013_Excel2013CalculatedMeasure.png
		Excel 2013_Excel2013CalculatedMember.png = Excel 2013_Excel2013CalculatedMember.png
		Excel 2013_Excel2013ManageCalculations.png = Excel 2013_Excel2013ManageCalculations.png
		Excel 2013_Excel2013MDXMenu.png = Excel 2013_Excel2013MDXMenu.png
		Excel-2013.md = Excel-2013.md
		Filter List_FilterListDialog.png = Filter List_FilterListDialog.png
		Filter List_FilterListMenu.png = Filter List_FilterListMenu.png
		Filter-List.md = Filter-List.md
		Home.md = Home.md
		Home_AvgTaxFieldList.png = Home_AvgTaxFieldList.png
		Home_AvgTaxFormula.png = Home_AvgTaxFormula.png
		Home_AvgTaxMDX.png = Home_AvgTaxMDX.png
		Home_AvgTaxMDX2.png = Home_AvgTaxMDX2.png
		Home_AvgTaxPivotTable.png = Home_AvgTaxPivotTable.png
		Home_Defaults.png = Home_Defaults.png
		Home_ExcelServices.png = Home_ExcelServices.png
		Home_Export.png = Home_Export.png
		Home_FilterListDialog.png = Home_FilterListDialog.png
		Home_LibraryDropDown.png = Home_LibraryDropDown.png
		Home_menu.png = Home_menu.png
		Home_SearchTab.png = Home_SearchTab.png
		license.md = license.md
		Office 2010 Primary Interop Assemblies.md = Office 2010 Primary Interop Assemblies.md
		Office 2010 Primary Interop Assemblies_Office2010PIA.png = Office 2010 Primary Interop Assemblies_Office2010PIA.png
		Office 2013 Primary Interop Assemblies.md = Office 2013 Primary Interop Assemblies.md
		Office 2013 Primary Interop Assemblies_Office2013PIA.png = Office 2013 Primary Interop Assemblies_Office2013PIA.png
		README.md = README.md
		Search.md = Search.md
		Search_MultiSearchButton.png = Search_MultiSearchButton.png
		Search_MultiSearchTermsResults.png = Search_MultiSearchTermsResults.png
		Search_NorthwestSearch.png = Search_NorthwestSearch.png
		Search_SearchAddToCurrentFilters.png = Search_SearchAddToCurrentFilters.png
		Search_SearchDescriptions.png = Search_SearchDescriptions.png
		Search_SearchEmployeeFilterMenu.png = Search_SearchEmployeeFilterMenu.png
		Search_SearchEmployeeKimRalls.png = Search_SearchEmployeeKimRalls.png
		Search_SearchLookIn.png = Search_SearchLookIn.png
		Search_SearchTab.png = Search_SearchTab.png
		Show Property As Caption_ShowPropertyAsCaption.png = Show Property As Caption_ShowPropertyAsCaption.png
		Show Property As Caption_ShowPropertyAsCaption2.png = Show Property As Caption_ShowPropertyAsCaption2.png
		Show-Property-As-Caption.md = Show-Property-As-Caption.md
		Troubleshooting Installation_AddInsDialog.png = Troubleshooting Installation_AddInsDialog.png
		Troubleshooting Installation_ComAddIns.png = Troubleshooting Installation_ComAddIns.png
		Troubleshooting Installation_ComAddInsDialog.png = Troubleshooting Installation_ComAddInsDialog.png
		Troubleshooting Installation_DisabledAddIns.png = Troubleshooting Installation_DisabledAddIns.png
		Troubleshooting Installation_DisabledItems.png = Troubleshooting Installation_DisabledItems.png
		Troubleshooting Installation_InactiveAddIns.png = Troubleshooting Installation_InactiveAddIns.png
		Troubleshooting Installation_InactiveAddInsDialog.png = Troubleshooting Installation_InactiveAddInsDialog.png
		Troubleshooting-Installation.md = Troubleshooting-Installation.md
		Unsupported Language Configuration.md = Unsupported Language Configuration.md
		Unsupported Language Configuration_OfficeLanguagePacks.png = Unsupported Language Configuration_OfficeLanguagePacks.png
		Unsupported Language Configuration_UnsupportedLanguageConfiguration.png = Unsupported Language Configuration_UnsupportedLanguageConfiguration.png
		Unsupported Language Configuration_WindowsRegionalSettings.png = Unsupported Language Configuration_WindowsRegionalSettings.png
		View Error Message_ValueErrorMessage.png = View Error Message_ValueErrorMessage.png
		View Error Message_ViewError.png = View Error Message_ViewError.png
		View-Error-Message.md = View-Error-Message.md
	EndProjectSection
EndProject
Global
	GlobalSection(SolutionProperties) = preSolution
		HideSolutionNode = FALSE
	EndGlobalSection
EndGlobal
